
Microsoft Visual Studio Solution File, Format Version 12.00
# Visual Studio Version 17
VisualStudioVersion = 17.10.35027.167
MinimumVisualStudioVersion = 10.0.40219.1
Project("{FAE04EC0-301F-11D3-BF4B-00C04F79EFBC}") = "ToolTipGUI", "ToolTipGUI\ToolTipGUI.csproj", "{CCEE5AEA-D494-4245-826A-3C13F0DAC4B2}"
EndProject
Global
	GlobalSection(SolutionConfigurationPlatforms) = preSolution
		Debug|Any CPU = Debug|Any CPU
		Release|Any CPU = Release|Any CPU
	EndGlobalSection
	GlobalSection(ProjectConfigurationPlatforms) = postSolution
		{CCEE5AEA-D494-4245-826A-3C13F0DAC4B2}.Debug|Any CPU.ActiveCfg = Debug|Any CPU
		{CCEE5AEA-D494-4245-826A-3C13F0DAC4B2}.Debug|Any CPU.Build.0 = Debug|Any CPU
		{CCEE5AEA-D494-4245-826A-3C13F0DAC4B2}.Release|Any CPU.ActiveCfg = Release|Any CPU
		{CCEE5AEA-D494-4245-826A-3C13F0DAC4B2}.Release|Any CPU.Build.0 = Release|Any CPU
	EndGlobalSection
	GlobalSection(SolutionProperties) = preSolution
		HideSolutionNode = FALSE
	EndGlobalSection
	GlobalSection(ExtensibilityGlobals) = postSolution
		SolutionGuid = {E6B7F321-6DE7-4291-AA45-740AF0517901}
	EndGlobalSection
EndGlobal
