
Microsoft Visual Studio Solution File, Format Version 12.00
# Visual Studio Version 17
VisualStudioVersion = 17.10.35027.167
MinimumVisualStudioVersion = 10.0.40219.1
Project("{FAE04EC0-301F-11D3-BF4B-00C04F79EFBC}") = "Q_L_ung_vien", "Q_L_ung_vien\Q_L_ung_vien.csproj", "{87C2EFDE-E2B7-46AD-A750-2F60DC0E535D}"
EndProject
Global
	GlobalSection(SolutionConfigurationPlatforms) = preSolution
		Debug|Any CPU = Debug|Any CPU
		Release|Any CPU = Release|Any CPU
	EndGlobalSection
	GlobalSection(ProjectConfigurationPlatforms) = postSolution
		{87C2EFDE-E2B7-46AD-A750-2F60DC0E535D}.Debug|Any CPU.ActiveCfg = Debug|Any CPU
		{87C2EFDE-E2B7-46AD-A750-2F60DC0E535D}.Debug|Any CPU.Build.0 = Debug|Any CPU
		{87C2EFDE-E2B7-46AD-A750-2F60DC0E535D}.Release|Any CPU.ActiveCfg = Release|Any CPU
		{87C2EFDE-E2B7-46AD-A750-2F60DC0E535D}.Release|Any CPU.Build.0 = Release|Any CPU
	EndGlobalSection
	GlobalSection(SolutionProperties) = preSolution
		HideSolutionNode = FALSE
	EndGlobalSection
	GlobalSection(ExtensibilityGlobals) = postSolution
		SolutionGuid = {B987D578-8AD0-4DE6-A36A-B5F91EEF1793}
	EndGlobalSection
EndGlobal
